// !$*UTF8*$!
{
	archiveVersion = 1;
	classes = {
	};
	objectVersion = 46;
	objects = {

/* Begin PBXBuildFile section */
		A4365EA21B35122300BE1822 /* main.m in Sources */ = {isa = PBXBuildFile; fileRef = A4365EA11B35122300BE1822 /* main.m */; };
		A4365EA51B35122300BE1822 /* AppDelegate.m in Sources */ = {isa = PBXBuildFile; fileRef = A4365EA41B35122300BE1822 /* AppDelegate.m */; };
		A4365EAB1B35122300BE1822 /* SpiritListViewController.m in Sources */ = {isa = PBXBuildFile; fileRef = A4365EAA1B35122300BE1822 /* SpiritListViewController.m */; };
		A4365EAE1B35122300BE1822 /* Main.storyboard in Resources */ = {isa = PBXBuildFile; fileRef = A4365EAC1B35122300BE1822 /* Main.storyboard */; };
		A4365EB01B35122300BE1822 /* Images.xcassets in Resources */ = {isa = PBXBuildFile; fileRef = A4365EAF1B35122300BE1822 /* Images.xcassets */; };
		A4365EB31B35122300BE1822 /* LaunchScreen.xib in Resources */ = {isa = PBXBuildFile; fileRef = A4365EB11B35122300BE1822 /* LaunchScreen.xib */; };
		A4365EBF1B35122300BE1822 /* GarnishGuideTests.m in Sources */ = {isa = PBXBuildFile; fileRef = A4365EBE1B35122300BE1822 /* GarnishGuideTests.m */; };
		A43E9C361B897CB800092C4B /* RecipeHelper.m in Sources */ = {isa = PBXBuildFile; fileRef = A43E9C351B897CB800092C4B /* RecipeHelper.m */; };
		A44AF96A1B9F115B000979DA /* RecipeViewController.m in Sources */ = {isa = PBXBuildFile; fileRef = A44AF9691B9F115B000979DA /* RecipeViewController.m */; };
		A45226831B86DFEE00FB5377 /* ConnectionHelper.m in Sources */ = {isa = PBXBuildFile; fileRef = A45226821B86DFEE00FB5377 /* ConnectionHelper.m */; };
		A45226871B86E16700FB5377 /* SpiritHelper.m in Sources */ = {isa = PBXBuildFile; fileRef = A45226861B86E16700FB5377 /* SpiritHelper.m */; };
		A45226891B86E69000FB5377 /* Settings.plist in Resources */ = {isa = PBXBuildFile; fileRef = A45226881B86E69000FB5377 /* Settings.plist */; };
		A456CA441B8F481A00E416A1 /* RecipeView.m in Sources */ = {isa = PBXBuildFile; fileRef = A456CA431B8F481A00E416A1 /* RecipeView.m */; };
		A45987621BA1320500CB33CF /* IngredientSearchViewCell.m in Sources */ = {isa = PBXBuildFile; fileRef = A45987611BA1320500CB33CF /* IngredientSearchViewCell.m */; };
		A45E5FB61B8CA539001B5ADA /* Properties.m in Sources */ = {isa = PBXBuildFile; fileRef = A45E5FB51B8CA539001B5ADA /* Properties.m */; };
		A4613F721B3677520075AD57 /* LatestViewController.m in Sources */ = {isa = PBXBuildFile; fileRef = A4613F711B3677520075AD57 /* LatestViewController.m */; };
		A48B3A091B35C1FE00A3D554 /* SpiritSearchTableViewController.m in Sources */ = {isa = PBXBuildFile; fileRef = A48B3A081B35C1FE00A3D554 /* SpiritSearchTableViewController.m */; };
		A48B3A0D1B35C26800A3D554 /* Spirit.m in Sources */ = {isa = PBXBuildFile; fileRef = A48B3A0C1B35C26800A3D554 /* Spirit.m */; };
		A49084341B9FFC9E00578242 /* IngredientsListViewController.m in Sources */ = {isa = PBXBuildFile; fileRef = A49084331B9FFC9E00578242 /* IngredientsListViewController.m */; };
		A49084371B9FFDE400578242 /* IngredientsListViewCell.m in Sources */ = {isa = PBXBuildFile; fileRef = A49084361B9FFDE400578242 /* IngredientsListViewCell.m */; };
		A490843A1B9FFE1400578242 /* Ingredient.m in Sources */ = {isa = PBXBuildFile; fileRef = A49084391B9FFE1400578242 /* Ingredient.m */; };
		A490843D1B9FFEFC00578242 /* IngredientHelper.m in Sources */ = {isa = PBXBuildFile; fileRef = A490843C1B9FFEFC00578242 /* IngredientHelper.m */; };
		A49193121BA06B93003B9C3E /* IngredientSearchTableViewController.m in Sources */ = {isa = PBXBuildFile; fileRef = A49193111BA06B93003B9C3E /* IngredientSearchTableViewController.m */; };
		A497B6BD1B367394007CD7A2 /* SpiritListViewCell.m in Sources */ = {isa = PBXBuildFile; fileRef = A497B6BC1B367394007CD7A2 /* SpiritListViewCell.m */; };
		A497B6C01B367450007CD7A2 /* SpiritSearchViewCell.m in Sources */ = {isa = PBXBuildFile; fileRef = A497B6BF1B367450007CD7A2 /* SpiritSearchViewCell.m */; };
		A497B6C31B36746E007CD7A2 /* Recipe.m in Sources */ = {isa = PBXBuildFile; fileRef = A497B6C21B36746E007CD7A2 /* Recipe.m */; };
		A4E99DFC1B8C9F0F00C02084 /* PropertyHelper.m in Sources */ = {isa = PBXBuildFile; fileRef = A4E99DFB1B8C9F0F00C02084 /* PropertyHelper.m */; };
/* End PBXBuildFile section */

/* Begin PBXContainerItemProxy section */
		A4365EB91B35122300BE1822 /* PBXContainerItemProxy */ = {
			isa = PBXContainerItemProxy;
			containerPortal = A4365E941B35122300BE1822 /* Project object */;
			proxyType = 1;
			remoteGlobalIDString = A4365E9B1B35122300BE1822;
			remoteInfo = GarnishGuide;
		};
/* End PBXContainerItemProxy section */

/* Begin PBXFileReference section */
		A4365E9C1B35122300BE1822 /* GarnishGuide.app */ = {isa = PBXFileReference; explicitFileType = wrapper.application; includeInIndex = 0; path = GarnishGuide.app; sourceTree = BUILT_PRODUCTS_DIR; };
		A4365EA01B35122300BE1822 /* Info.plist */ = {isa = PBXFileReference; lastKnownFileType = text.plist.xml; path = Info.plist; sourceTree = "<group>"; };
		A4365EA11B35122300BE1822 /* main.m */ = {isa = PBXFileReference; lastKnownFileType = sourcecode.c.objc; path = main.m; sourceTree = "<group>"; };
		A4365EA31B35122300BE1822 /* AppDelegate.h */ = {isa = PBXFileReference; lastKnownFileType = sourcecode.c.h; path = AppDelegate.h; sourceTree = "<group>"; };
		A4365EA41B35122300BE1822 /* AppDelegate.m */ = {isa = PBXFileReference; lastKnownFileType = sourcecode.c.objc; path = AppDelegate.m; sourceTree = "<group>"; };
		A4365EA91B35122300BE1822 /* SpiritListViewController.h */ = {isa = PBXFileReference; lastKnownFileType = sourcecode.c.h; name = SpiritListViewController.h; path = GarnishGuide/SpiritListViewController.h; sourceTree = "<group>"; };
		A4365EAA1B35122300BE1822 /* SpiritListViewController.m */ = {isa = PBXFileReference; lastKnownFileType = sourcecode.c.objc; name = SpiritListViewController.m; path = GarnishGuide/SpiritListViewController.m; sourceTree = "<group>"; };
		A4365EAD1B35122300BE1822 /* Base */ = {isa = PBXFileReference; lastKnownFileType = file.storyboard; name = Base; path = Base.lproj/Main.storyboard; sourceTree = "<group>"; };
		A4365EAF1B35122300BE1822 /* Images.xcassets */ = {isa = PBXFileReference; lastKnownFileType = folder.assetcatalog; path = Images.xcassets; sourceTree = "<group>"; };
		A4365EB21B35122300BE1822 /* Base */ = {isa = PBXFileReference; lastKnownFileType = file.xib; name = Base; path = Base.lproj/LaunchScreen.xib; sourceTree = "<group>"; };
		A4365EB81B35122300BE1822 /* GarnishGuideTests.xctest */ = {isa = PBXFileReference; explicitFileType = wrapper.cfbundle; includeInIndex = 0; path = GarnishGuideTests.xctest; sourceTree = BUILT_PRODUCTS_DIR; };
		A4365EBD1B35122300BE1822 /* Info.plist */ = {isa = PBXFileReference; lastKnownFileType = text.plist.xml; path = Info.plist; sourceTree = "<group>"; };
		A4365EBE1B35122300BE1822 /* GarnishGuideTests.m */ = {isa = PBXFileReference; lastKnownFileType = sourcecode.c.objc; path = GarnishGuideTests.m; sourceTree = "<group>"; };
		A43E9C341B897CB800092C4B /* RecipeHelper.h */ = {isa = PBXFileReference; fileEncoding = 4; lastKnownFileType = sourcecode.c.h; path = RecipeHelper.h; sourceTree = "<group>"; };
		A43E9C351B897CB800092C4B /* RecipeHelper.m */ = {isa = PBXFileReference; fileEncoding = 4; lastKnownFileType = sourcecode.c.objc; path = RecipeHelper.m; sourceTree = "<group>"; };
		A44AF9681B9F115B000979DA /* RecipeViewController.h */ = {isa = PBXFileReference; fileEncoding = 4; lastKnownFileType = sourcecode.c.h; path = RecipeViewController.h; sourceTree = "<group>"; };
		A44AF9691B9F115B000979DA /* RecipeViewController.m */ = {isa = PBXFileReference; fileEncoding = 4; lastKnownFileType = sourcecode.c.objc; path = RecipeViewController.m; sourceTree = "<group>"; };
		A45226811B86DFEE00FB5377 /* ConnectionHelper.h */ = {isa = PBXFileReference; fileEncoding = 4; lastKnownFileType = sourcecode.c.h; path = ConnectionHelper.h; sourceTree = "<group>"; };
		A45226821B86DFEE00FB5377 /* ConnectionHelper.m */ = {isa = PBXFileReference; fileEncoding = 4; lastKnownFileType = sourcecode.c.objc; path = ConnectionHelper.m; sourceTree = "<group>"; };
		A45226851B86E16700FB5377 /* SpiritHelper.h */ = {isa = PBXFileReference; fileEncoding = 4; lastKnownFileType = sourcecode.c.h; path = SpiritHelper.h; sourceTree = "<group>"; };
		A45226861B86E16700FB5377 /* SpiritHelper.m */ = {isa = PBXFileReference; fileEncoding = 4; lastKnownFileType = sourcecode.c.objc; path = SpiritHelper.m; sourceTree = "<group>"; };
		A45226881B86E69000FB5377 /* Settings.plist */ = {isa = PBXFileReference; fileEncoding = 4; lastKnownFileType = text.plist.xml; path = Settings.plist; sourceTree = "<group>"; };
		A456CA421B8F481A00E416A1 /* RecipeView.h */ = {isa = PBXFileReference; fileEncoding = 4; lastKnownFileType = sourcecode.c.h; path = RecipeView.h; sourceTree = "<group>"; };
		A456CA431B8F481A00E416A1 /* RecipeView.m */ = {isa = PBXFileReference; fileEncoding = 4; lastKnownFileType = sourcecode.c.objc; path = RecipeView.m; sourceTree = "<group>"; };
		A45987601BA1320500CB33CF /* IngredientSearchViewCell.h */ = {isa = PBXFileReference; fileEncoding = 4; lastKnownFileType = sourcecode.c.h; path = IngredientSearchViewCell.h; sourceTree = "<group>"; };
		A45987611BA1320500CB33CF /* IngredientSearchViewCell.m */ = {isa = PBXFileReference; fileEncoding = 4; lastKnownFileType = sourcecode.c.objc; path = IngredientSearchViewCell.m; sourceTree = "<group>"; };
		A45E5FB31B8CA234001B5ADA /* PrefixHeader.pch */ = {isa = PBXFileReference; lastKnownFileType = sourcecode.c.h; path = PrefixHeader.pch; sourceTree = "<group>"; };
		A45E5FB41B8CA539001B5ADA /* Properties.h */ = {isa = PBXFileReference; fileEncoding = 4; lastKnownFileType = sourcecode.c.h; path = Properties.h; sourceTree = "<group>"; };
		A45E5FB51B8CA539001B5ADA /* Properties.m */ = {isa = PBXFileReference; fileEncoding = 4; lastKnownFileType = sourcecode.c.objc; path = Properties.m; sourceTree = "<group>"; };
		A4613F701B3677520075AD57 /* LatestViewController.h */ = {isa = PBXFileReference; fileEncoding = 4; lastKnownFileType = sourcecode.c.h; path = LatestViewController.h; sourceTree = "<group>"; };
		A4613F711B3677520075AD57 /* LatestViewController.m */ = {isa = PBXFileReference; fileEncoding = 4; lastKnownFileType = sourcecode.c.objc; path = LatestViewController.m; sourceTree = "<group>"; };
		A48B3A071B35C1FE00A3D554 /* SpiritSearchTableViewController.h */ = {isa = PBXFileReference; fileEncoding = 4; lastKnownFileType = sourcecode.c.h; path = SpiritSearchTableViewController.h; sourceTree = "<group>"; };
		A48B3A081B35C1FE00A3D554 /* SpiritSearchTableViewController.m */ = {isa = PBXFileReference; fileEncoding = 4; lastKnownFileType = sourcecode.c.objc; path = SpiritSearchTableViewController.m; sourceTree = "<group>"; };
		A48B3A0B1B35C26800A3D554 /* Spirit.h */ = {isa = PBXFileReference; fileEncoding = 4; lastKnownFileType = sourcecode.c.h; path = Spirit.h; sourceTree = "<group>"; };
		A48B3A0C1B35C26800A3D554 /* Spirit.m */ = {isa = PBXFileReference; fileEncoding = 4; lastKnownFileType = sourcecode.c.objc; path = Spirit.m; sourceTree = "<group>"; };
		A49084321B9FFC9E00578242 /* IngredientsListViewController.h */ = {isa = PBXFileReference; fileEncoding = 4; lastKnownFileType = sourcecode.c.h; path = IngredientsListViewController.h; sourceTree = "<group>"; };
		A49084331B9FFC9E00578242 /* IngredientsListViewController.m */ = {isa = PBXFileReference; fileEncoding = 4; lastKnownFileType = sourcecode.c.objc; path = IngredientsListViewController.m; sourceTree = "<group>"; };
		A49084351B9FFDE400578242 /* IngredientsListViewCell.h */ = {isa = PBXFileReference; fileEncoding = 4; lastKnownFileType = sourcecode.c.h; path = IngredientsListViewCell.h; sourceTree = "<group>"; };
		A49084361B9FFDE400578242 /* IngredientsListViewCell.m */ = {isa = PBXFileReference; fileEncoding = 4; lastKnownFileType = sourcecode.c.objc; path = IngredientsListViewCell.m; sourceTree = "<group>"; };
		A49084381B9FFE1400578242 /* Ingredient.h */ = {isa = PBXFileReference; fileEncoding = 4; lastKnownFileType = sourcecode.c.h; path = Ingredient.h; sourceTree = "<group>"; };
		A49084391B9FFE1400578242 /* Ingredient.m */ = {isa = PBXFileReference; fileEncoding = 4; lastKnownFileType = sourcecode.c.objc; path = Ingredient.m; sourceTree = "<group>"; };
		A490843B1B9FFEFC00578242 /* IngredientHelper.h */ = {isa = PBXFileReference; fileEncoding = 4; lastKnownFileType = sourcecode.c.h; path = IngredientHelper.h; sourceTree = "<group>"; };
		A490843C1B9FFEFC00578242 /* IngredientHelper.m */ = {isa = PBXFileReference; fileEncoding = 4; lastKnownFileType = sourcecode.c.objc; path = IngredientHelper.m; sourceTree = "<group>"; };
		A49193101BA06B93003B9C3E /* IngredientSearchTableViewController.h */ = {isa = PBXFileReference; fileEncoding = 4; lastKnownFileType = sourcecode.c.h; path = IngredientSearchTableViewController.h; sourceTree = "<group>"; };
		A49193111BA06B93003B9C3E /* IngredientSearchTableViewController.m */ = {isa = PBXFileReference; fileEncoding = 4; lastKnownFileType = sourcecode.c.objc; path = IngredientSearchTableViewController.m; sourceTree = "<group>"; };
		A497B6BB1B367394007CD7A2 /* SpiritListViewCell.h */ = {isa = PBXFileReference; fileEncoding = 4; lastKnownFileType = sourcecode.c.h; path = SpiritListViewCell.h; sourceTree = "<group>"; };
		A497B6BC1B367394007CD7A2 /* SpiritListViewCell.m */ = {isa = PBXFileReference; fileEncoding = 4; lastKnownFileType = sourcecode.c.objc; path = SpiritListViewCell.m; sourceTree = "<group>"; };
		A497B6BE1B367450007CD7A2 /* SpiritSearchViewCell.h */ = {isa = PBXFileReference; fileEncoding = 4; lastKnownFileType = sourcecode.c.h; path = SpiritSearchViewCell.h; sourceTree = "<group>"; };
		A497B6BF1B367450007CD7A2 /* SpiritSearchViewCell.m */ = {isa = PBXFileReference; fileEncoding = 4; lastKnownFileType = sourcecode.c.objc; path = SpiritSearchViewCell.m; sourceTree = "<group>"; };
		A497B6C11B36746E007CD7A2 /* Recipe.h */ = {isa = PBXFileReference; fileEncoding = 4; lastKnownFileType = sourcecode.c.h; path = Recipe.h; sourceTree = "<group>"; };
		A497B6C21B36746E007CD7A2 /* Recipe.m */ = {isa = PBXFileReference; fileEncoding = 4; lastKnownFileType = sourcecode.c.objc; path = Recipe.m; sourceTree = "<group>"; };
		A4E99DFA1B8C9F0F00C02084 /* PropertyHelper.h */ = {isa = PBXFileReference; fileEncoding = 4; lastKnownFileType = sourcecode.c.h; path = PropertyHelper.h; sourceTree = "<group>"; };
		A4E99DFB1B8C9F0F00C02084 /* PropertyHelper.m */ = {isa = PBXFileReference; fileEncoding = 4; lastKnownFileType = sourcecode.c.objc; path = PropertyHelper.m; sourceTree = "<group>"; };
/* End PBXFileReference section */

/* Begin PBXFrameworksBuildPhase section */
		A4365E991B35122300BE1822 /* Frameworks */ = {
			isa = PBXFrameworksBuildPhase;
			buildActionMask = 2147483647;
			files = (
			);
			runOnlyForDeploymentPostprocessing = 0;
		};
		A4365EB51B35122300BE1822 /* Frameworks */ = {
			isa = PBXFrameworksBuildPhase;
			buildActionMask = 2147483647;
			files = (
			);
			runOnlyForDeploymentPostprocessing = 0;
		};
/* End PBXFrameworksBuildPhase section */

/* Begin PBXGroup section */
		A4365E931B35122300BE1822 = {
			isa = PBXGroup;
			children = (
				A45226841B86E15A00FB5377 /* ModelHelpers */,
				A45226801B86DFD200FB5377 /* Utilities */,
				A497B6BA1B367361007CD7A2 /* Views */,
				A48B3A0A1B35C25300A3D554 /* Models */,
				A48B3A061B35C05D00A3D554 /* ViewControllers */,
				A4365E9E1B35122300BE1822 /* GarnishGuide */,
				A4365EBB1B35122300BE1822 /* GarnishGuideTests */,
				A4365E9D1B35122300BE1822 /* Products */,
			);
			sourceTree = "<group>";
		};
		A4365E9D1B35122300BE1822 /* Products */ = {
			isa = PBXGroup;
			children = (
				A4365E9C1B35122300BE1822 /* GarnishGuide.app */,
				A4365EB81B35122300BE1822 /* GarnishGuideTests.xctest */,
			);
			name = Products;
			sourceTree = "<group>";
		};
		A4365E9E1B35122300BE1822 /* GarnishGuide */ = {
			isa = PBXGroup;
			children = (
				A4365EA31B35122300BE1822 /* AppDelegate.h */,
				A4365EA41B35122300BE1822 /* AppDelegate.m */,
				A4365EAC1B35122300BE1822 /* Main.storyboard */,
				A4365EAF1B35122300BE1822 /* Images.xcassets */,
				A4365EB11B35122300BE1822 /* LaunchScreen.xib */,
				A4365E9F1B35122300BE1822 /* Supporting Files */,
			);
			path = GarnishGuide;
			sourceTree = "<group>";
		};
		A4365E9F1B35122300BE1822 /* Supporting Files */ = {
			isa = PBXGroup;
			children = (
				A4365EA01B35122300BE1822 /* Info.plist */,
				A4365EA11B35122300BE1822 /* main.m */,
				A45226881B86E69000FB5377 /* Settings.plist */,
				A45E5FB31B8CA234001B5ADA /* PrefixHeader.pch */,
				A45E5FB41B8CA539001B5ADA /* Properties.h */,
				A45E5FB51B8CA539001B5ADA /* Properties.m */,
			);
			name = "Supporting Files";
			sourceTree = "<group>";
		};
		A4365EBB1B35122300BE1822 /* GarnishGuideTests */ = {
			isa = PBXGroup;
			children = (
				A4365EBE1B35122300BE1822 /* GarnishGuideTests.m */,
				A4365EBC1B35122300BE1822 /* Supporting Files */,
			);
			path = GarnishGuideTests;
			sourceTree = "<group>";
		};
		A4365EBC1B35122300BE1822 /* Supporting Files */ = {
			isa = PBXGroup;
			children = (
				A4365EBD1B35122300BE1822 /* Info.plist */,
			);
			name = "Supporting Files";
			sourceTree = "<group>";
		};
		A45226801B86DFD200FB5377 /* Utilities */ = {
			isa = PBXGroup;
			children = (
				A45226811B86DFEE00FB5377 /* ConnectionHelper.h */,
				A45226821B86DFEE00FB5377 /* ConnectionHelper.m */,
				A4E99DFA1B8C9F0F00C02084 /* PropertyHelper.h */,
				A4E99DFB1B8C9F0F00C02084 /* PropertyHelper.m */,
			);
			name = Utilities;
			sourceTree = "<group>";
		};
		A45226841B86E15A00FB5377 /* ModelHelpers */ = {
			isa = PBXGroup;
			children = (
				A45226851B86E16700FB5377 /* SpiritHelper.h */,
				A45226861B86E16700FB5377 /* SpiritHelper.m */,
				A43E9C341B897CB800092C4B /* RecipeHelper.h */,
				A43E9C351B897CB800092C4B /* RecipeHelper.m */,
				A490843B1B9FFEFC00578242 /* IngredientHelper.h */,
				A490843C1B9FFEFC00578242 /* IngredientHelper.m */,
			);
			name = ModelHelpers;
			sourceTree = "<group>";
		};
		A48B3A061B35C05D00A3D554 /* ViewControllers */ = {
			isa = PBXGroup;
			children = (
				A4365EA91B35122300BE1822 /* SpiritListViewController.h */,
				A4365EAA1B35122300BE1822 /* SpiritListViewController.m */,
				A48B3A071B35C1FE00A3D554 /* SpiritSearchTableViewController.h */,
				A48B3A081B35C1FE00A3D554 /* SpiritSearchTableViewController.m */,
				A4613F701B3677520075AD57 /* LatestViewController.h */,
				A4613F711B3677520075AD57 /* LatestViewController.m */,
				A44AF9681B9F115B000979DA /* RecipeViewController.h */,
				A44AF9691B9F115B000979DA /* RecipeViewController.m */,
				A49084321B9FFC9E00578242 /* IngredientsListViewController.h */,
				A49084331B9FFC9E00578242 /* IngredientsListViewController.m */,
				A49193101BA06B93003B9C3E /* IngredientSearchTableViewController.h */,
				A49193111BA06B93003B9C3E /* IngredientSearchTableViewController.m */,
			);
			name = ViewControllers;
			sourceTree = "<group>";
		};
		A48B3A0A1B35C25300A3D554 /* Models */ = {
			isa = PBXGroup;
			children = (
				A48B3A0B1B35C26800A3D554 /* Spirit.h */,
				A48B3A0C1B35C26800A3D554 /* Spirit.m */,
				A497B6C11B36746E007CD7A2 /* Recipe.h */,
				A497B6C21B36746E007CD7A2 /* Recipe.m */,
				A49084381B9FFE1400578242 /* Ingredient.h */,
				A49084391B9FFE1400578242 /* Ingredient.m */,
			);
			name = Models;
			sourceTree = "<group>";
		};
		A497B6BA1B367361007CD7A2 /* Views */ = {
			isa = PBXGroup;
			children = (
				A497B6BB1B367394007CD7A2 /* SpiritListViewCell.h */,
				A497B6BC1B367394007CD7A2 /* SpiritListViewCell.m */,
				A497B6BE1B367450007CD7A2 /* SpiritSearchViewCell.h */,
				A497B6BF1B367450007CD7A2 /* SpiritSearchViewCell.m */,
				A456CA421B8F481A00E416A1 /* RecipeView.h */,
				A456CA431B8F481A00E416A1 /* RecipeView.m */,
				A49084351B9FFDE400578242 /* IngredientsListViewCell.h */,
				A49084361B9FFDE400578242 /* IngredientsListViewCell.m */,
				A45987601BA1320500CB33CF /* IngredientSearchViewCell.h */,
				A45987611BA1320500CB33CF /* IngredientSearchViewCell.m */,
			);
			name = Views;
			sourceTree = "<group>";
		};
/* End PBXGroup section */

/* Begin PBXNativeTarget section */
		A4365E9B1B35122300BE1822 /* GarnishGuide */ = {
			isa = PBXNativeTarget;
			buildConfigurationList = A4365EC21B35122300BE1822 /* Build configuration list for PBXNativeTarget "GarnishGuide" */;
			buildPhases = (
				A4365E981B35122300BE1822 /* Sources */,
				A4365E991B35122300BE1822 /* Frameworks */,
				A4365E9A1B35122300BE1822 /* Resources */,
			);
			buildRules = (
			);
			dependencies = (
			);
			name = GarnishGuide;
			productName = GarnishGuide;
			productReference = A4365E9C1B35122300BE1822 /* GarnishGuide.app */;
			productType = "com.apple.product-type.application";
		};
		A4365EB71B35122300BE1822 /* GarnishGuideTests */ = {
			isa = PBXNativeTarget;
			buildConfigurationList = A4365EC51B35122300BE1822 /* Build configuration list for PBXNativeTarget "GarnishGuideTests" */;
			buildPhases = (
				A4365EB41B35122300BE1822 /* Sources */,
				A4365EB51B35122300BE1822 /* Frameworks */,
				A4365EB61B35122300BE1822 /* Resources */,
			);
			buildRules = (
			);
			dependencies = (
				A4365EBA1B35122300BE1822 /* PBXTargetDependency */,
			);
			name = GarnishGuideTests;
			productName = GarnishGuideTests;
			productReference = A4365EB81B35122300BE1822 /* GarnishGuideTests.xctest */;
			productType = "com.apple.product-type.bundle.unit-test";
		};
/* End PBXNativeTarget section */

/* Begin PBXProject section */
		A4365E941B35122300BE1822 /* Project object */ = {
			isa = PBXProject;
			attributes = {
				LastUpgradeCheck = 0620;
				ORGANIZATIONNAME = "Garnish Girl";
				TargetAttributes = {
					A4365E9B1B35122300BE1822 = {
						CreatedOnToolsVersion = 6.2;
					};
					A4365EB71B35122300BE1822 = {
						CreatedOnToolsVersion = 6.2;
						TestTargetID = A4365E9B1B35122300BE1822;
					};
				};
			};
			buildConfigurationList = A4365E971B35122300BE1822 /* Build configuration list for PBXProject "GarnishGuide" */;
			compatibilityVersion = "Xcode 3.2";
			developmentRegion = English;
			hasScannedForEncodings = 0;
			knownRegions = (
				en,
				Base,
			);
			mainGroup = A4365E931B35122300BE1822;
			productRefGroup = A4365E9D1B35122300BE1822 /* Products */;
			projectDirPath = "";
			projectRoot = "";
			targets = (
				A4365E9B1B35122300BE1822 /* GarnishGuide */,
				A4365EB71B35122300BE1822 /* GarnishGuideTests */,
			);
		};
/* End PBXProject section */

/* Begin PBXResourcesBuildPhase section */
		A4365E9A1B35122300BE1822 /* Resources */ = {
			isa = PBXResourcesBuildPhase;
			buildActionMask = 2147483647;
			files = (
				A4365EAE1B35122300BE1822 /* Main.storyboard in Resources */,
				A45226891B86E69000FB5377 /* Settings.plist in Resources */,
				A4365EB31B35122300BE1822 /* LaunchScreen.xib in Resources */,
				A4365EB01B35122300BE1822 /* Images.xcassets in Resources */,
			);
			runOnlyForDeploymentPostprocessing = 0;
		};
		A4365EB61B35122300BE1822 /* Resources */ = {
			isa = PBXResourcesBuildPhase;
			buildActionMask = 2147483647;
			files = (
			);
			runOnlyForDeploymentPostprocessing = 0;
		};
/* End PBXResourcesBuildPhase section */

/* Begin PBXSourcesBuildPhase section */
		A4365E981B35122300BE1822 /* Sources */ = {
			isa = PBXSourcesBuildPhase;
			buildActionMask = 2147483647;
			files = (
				A48B3A0D1B35C26800A3D554 /* Spirit.m in Sources */,
				A497B6C31B36746E007CD7A2 /* Recipe.m in Sources */,
				A4365EAB1B35122300BE1822 /* SpiritListViewController.m in Sources */,
				A49084371B9FFDE400578242 /* IngredientsListViewCell.m in Sources */,
				A4365EA51B35122300BE1822 /* AppDelegate.m in Sources */,
				A4613F721B3677520075AD57 /* LatestViewController.m in Sources */,
				A43E9C361B897CB800092C4B /* RecipeHelper.m in Sources */,
				A45987621BA1320500CB33CF /* IngredientSearchViewCell.m in Sources */,
				A497B6BD1B367394007CD7A2 /* SpiritListViewCell.m in Sources */,
				A45E5FB61B8CA539001B5ADA /* Properties.m in Sources */,
				A49084341B9FFC9E00578242 /* IngredientsListViewController.m in Sources */,
				A44AF96A1B9F115B000979DA /* RecipeViewController.m in Sources */,
				A490843A1B9FFE1400578242 /* Ingredient.m in Sources */,
				A45226831B86DFEE00FB5377 /* ConnectionHelper.m in Sources */,
				A49193121BA06B93003B9C3E /* IngredientSearchTableViewController.m in Sources */,
				A456CA441B8F481A00E416A1 /* RecipeView.m in Sources */,
				A490843D1B9FFEFC00578242 /* IngredientHelper.m in Sources */,
				A45226871B86E16700FB5377 /* SpiritHelper.m in Sources */,
				A4E99DFC1B8C9F0F00C02084 /* PropertyHelper.m in Sources */,
				A497B6C01B367450007CD7A2 /* SpiritSearchViewCell.m in Sources */,
				A48B3A091B35C1FE00A3D554 /* SpiritSearchTableViewController.m in Sources */,
				A4365EA21B35122300BE1822 /* main.m in Sources */,
			);
			runOnlyForDeploymentPostprocessing = 0;
		};
		A4365EB41B35122300BE1822 /* Sources */ = {
			isa = PBXSourcesBuildPhase;
			buildActionMask = 2147483647;
			files = (
				A4365EBF1B35122300BE1822 /* GarnishGuideTests.m in Sources */,
			);
			runOnlyForDeploymentPostprocessing = 0;
		};
/* End PBXSourcesBuildPhase section */

/* Begin PBXTargetDependency section */
		A4365EBA1B35122300BE1822 /* PBXTargetDependency */ = {
			isa = PBXTargetDependency;
			target = A4365E9B1B35122300BE1822 /* GarnishGuide */;
			targetProxy = A4365EB91B35122300BE1822 /* PBXContainerItemProxy */;
		};
/* End PBXTargetDependency section */

/* Begin PBXVariantGroup section */
		A4365EAC1B35122300BE1822 /* Main.storyboard */ = {
			isa = PBXVariantGroup;
			children = (
				A4365EAD1B35122300BE1822 /* Base */,
			);
			name = Main.storyboard;
			sourceTree = "<group>";
		};
		A4365EB11B35122300BE1822 /* LaunchScreen.xib */ = {
			isa = PBXVariantGroup;
			children = (
				A4365EB21B35122300BE1822 /* Base */,
			);
			name = LaunchScreen.xib;
			sourceTree = "<group>";
		};
/* End PBXVariantGroup section */

/* Begin XCBuildConfiguration section */
		A4365EC01B35122300BE1822 /* Debug */ = {
			isa = XCBuildConfiguration;
			buildSettings = {
				ALWAYS_SEARCH_USER_PATHS = NO;
				CLANG_CXX_LANGUAGE_STANDARD = "gnu++0x";
				CLANG_CXX_LIBRARY = "libc++";
				CLANG_ENABLE_MODULES = YES;
				CLANG_ENABLE_OBJC_ARC = YES;
				CLANG_WARN_BOOL_CONVERSION = YES;
				CLANG_WARN_CONSTANT_CONVERSION = YES;
				CLANG_WARN_DIRECT_OBJC_ISA_USAGE = YES_ERROR;
				CLANG_WARN_EMPTY_BODY = YES;
				CLANG_WARN_ENUM_CONVERSION = YES;
				CLANG_WARN_INT_CONVERSION = YES;
				CLANG_WARN_OBJC_ROOT_CLASS = YES_ERROR;
				CLANG_WARN_UNREACHABLE_CODE = YES;
				CLANG_WARN__DUPLICATE_METHOD_MATCH = YES;
				"CODE_SIGN_IDENTITY[sdk=iphoneos*]" = "iPhone Developer";
				COPY_PHASE_STRIP = NO;
				ENABLE_STRICT_OBJC_MSGSEND = YES;
				GCC_C_LANGUAGE_STANDARD = gnu99;
				GCC_DYNAMIC_NO_PIC = NO;
				GCC_OPTIMIZATION_LEVEL = 0;
				GCC_PREFIX_HEADER = GarnishGuide/PrefixHeader.pch;
				GCC_PREPROCESSOR_DEFINITIONS = (
					"DEBUG=1",
					"$(inherited)",
				);
				GCC_SYMBOLS_PRIVATE_EXTERN = NO;
				GCC_WARN_64_TO_32_BIT_CONVERSION = YES;
				GCC_WARN_ABOUT_RETURN_TYPE = YES_ERROR;
				GCC_WARN_UNDECLARED_SELECTOR = YES;
				GCC_WARN_UNINITIALIZED_AUTOS = YES_AGGRESSIVE;
				GCC_WARN_UNUSED_FUNCTION = YES;
				GCC_WARN_UNUSED_VARIABLE = YES;
				IPHONEOS_DEPLOYMENT_TARGET = 8.0;
				MTL_ENABLE_DEBUG_INFO = YES;
				ONLY_ACTIVE_ARCH = YES;
				SDKROOT = iphoneos;
			};
			name = Debug;
		};
		A4365EC11B35122300BE1822 /* Release */ = {
			isa = XCBuildConfiguration;
			buildSettings = {
				ALWAYS_SEARCH_USER_PATHS = NO;
				CLANG_CXX_LANGUAGE_STANDARD = "gnu++0x";
				CLANG_CXX_LIBRARY = "libc++";
				CLANG_ENABLE_MODULES = YES;
				CLANG_ENABLE_OBJC_ARC = YES;
				CLANG_WARN_BOOL_CONVERSION = YES;
				CLANG_WARN_CONSTANT_CONVERSION = YES;
				CLANG_WARN_DIRECT_OBJC_ISA_USAGE = YES_ERROR;
				CLANG_WARN_EMPTY_BODY = YES;
				CLANG_WARN_ENUM_CONVERSION = YES;
				CLANG_WARN_INT_CONVERSION = YES;
				CLANG_WARN_OBJC_ROOT_CLASS = YES_ERROR;
				CLANG_WARN_UNREACHABLE_CODE = YES;
				CLANG_WARN__DUPLICATE_METHOD_MATCH = YES;
				"CODE_SIGN_IDENTITY[sdk=iphoneos*]" = "iPhone Developer";
				COPY_PHASE_STRIP = NO;
				ENABLE_NS_ASSERTIONS = NO;
				ENABLE_STRICT_OBJC_MSGSEND = YES;
				GCC_C_LANGUAGE_STANDARD = gnu99;
				GCC_PREFIX_HEADER = GarnishGuide/PrefixHeader.pch;
				GCC_WARN_64_TO_32_BIT_CONVERSION = YES;
				GCC_WARN_ABOUT_RETURN_TYPE = YES_ERROR;
				GCC_WARN_UNDECLARED_SELECTOR = YES;
				GCC_WARN_UNINITIALIZED_AUTOS = YES_AGGRESSIVE;
				GCC_WARN_UNUSED_FUNCTION = YES;
				GCC_WARN_UNUSED_VARIABLE = YES;
				IPHONEOS_DEPLOYMENT_TARGET = 8.0;
				MTL_ENABLE_DEBUG_INFO = NO;
				SDKROOT = iphoneos;
				VALIDATE_PRODUCT = YES;
			};
			name = Release;
		};
		A4365EC31B35122300BE1822 /* Debug */ = {
			isa = XCBuildConfiguration;
			buildSettings = {
				ASSETCATALOG_COMPILER_APPICON_NAME = AppIcon;
				INFOPLIST_FILE = GarnishGuide/Info.plist;
				IPHONEOS_DEPLOYMENT_TARGET = 8.0;
				LD_RUNPATH_SEARCH_PATHS = "$(inherited) @executable_path/Frameworks";
				PRODUCT_NAME = "$(TARGET_NAME)";
				TARGETED_DEVICE_FAMILY = "1,2";
			};
			name = Debug;
		};
		A4365EC41B35122300BE1822 /* Release */ = {
			isa = XCBuildConfiguration;
			buildSettings = {
				ASSETCATALOG_COMPILER_APPICON_NAME = AppIcon;
				INFOPLIST_FILE = GarnishGuide/Info.plist;
				IPHONEOS_DEPLOYMENT_TARGET = 8.0;
				LD_RUNPATH_SEARCH_PATHS = "$(inherited) @executable_path/Frameworks";
				PRODUCT_NAME = "$(TARGET_NAME)";
				TARGETED_DEVICE_FAMILY = "1,2";
			};
			name = Release;
		};
		A4365EC61B35122300BE1822 /* Debug */ = {
			isa = XCBuildConfiguration;
			buildSettings = {
				BUNDLE_LOADER = "$(TEST_HOST)";
				FRAMEWORK_SEARCH_PATHS = (
					"$(SDKROOT)/Developer/Library/Frameworks",
					"$(inherited)",
				);
				GCC_PREPROCESSOR_DEFINITIONS = (
					"DEBUG=1",
					"$(inherited)",
				);
				INFOPLIST_FILE = GarnishGuideTests/Info.plist;
				LD_RUNPATH_SEARCH_PATHS = "$(inherited) @executable_path/Frameworks @loader_path/Frameworks";
				PRODUCT_NAME = "$(TARGET_NAME)";
				TEST_HOST = "$(BUILT_PRODUCTS_DIR)/GarnishGuide.app/GarnishGuide";
			};
			name = Debug;
		};
		A4365EC71B35122300BE1822 /* Release */ = {
			isa = XCBuildConfiguration;
			buildSettings = {
				BUNDLE_LOADER = "$(TEST_HOST)";
				FRAMEWORK_SEARCH_PATHS = (
					"$(SDKROOT)/Developer/Library/Frameworks",
					"$(inherited)",
				);
				INFOPLIST_FILE = GarnishGuideTests/Info.plist;
				LD_RUNPATH_SEARCH_PATHS = "$(inherited) @executable_path/Frameworks @loader_path/Frameworks";
				PRODUCT_NAME = "$(TARGET_NAME)";
				TEST_HOST = "$(BUILT_PRODUCTS_DIR)/GarnishGuide.app/GarnishGuide";
			};
			name = Release;
		};
/* End XCBuildConfiguration section */

/* Begin XCConfigurationList section */
		A4365E971B35122300BE1822 /* Build configuration list for PBXProject "GarnishGuide" */ = {
			isa = XCConfigurationList;
			buildConfigurations = (
				A4365EC01B35122300BE1822 /* Debug */,
				A4365EC11B35122300BE1822 /* Release */,
			);
			defaultConfigurationIsVisible = 0;
			defaultConfigurationName = Release;
		};
		A4365EC21B35122300BE1822 /* Build configuration list for PBXNativeTarget "GarnishGuide" */ = {
			isa = XCConfigurationList;
			buildConfigurations = (
				A4365EC31B35122300BE1822 /* Debug */,
				A4365EC41B35122300BE1822 /* Release */,
			);
			defaultConfigurationIsVisible = 0;
			defaultConfigurationName = Release;
		};
		A4365EC51B35122300BE1822 /* Build configuration list for PBXNativeTarget "GarnishGuideTests" */ = {
			isa = XCConfigurationList;
			buildConfigurations = (
				A4365EC61B35122300BE1822 /* Debug */,
				A4365EC71B35122300BE1822 /* Release */,
			);
			defaultConfigurationIsVisible = 0;
			defaultConfigurationName = Release;
		};
/* End XCConfigurationList section */
	};
	rootObject = A4365E941B35122300BE1822 /* Project object */;
}
